# THIS IS AN AUTOGENERATED FILE. DO NOT EDIT THIS FILE DIRECTLY.
# yarn lockfile v1


wunderbaum@^0.11.0:
  version "0.11.1"
  resolved "https://registry.npmjs.org/wunderbaum/-/wunderbaum-0.11.1.tgz"
  integrity sha512-SYfRahkw95DEBzwoUY1YNiv7ZKCG4XVolyrAGtRs2nC/6wZYZf2togTqfp4ReeXP4IJlfK1swXe3WUC2yRZBYw==
